
Microsoft Visual Studio Solution File, Format Version 12.00
# Visual Studio Version 17
VisualStudioVersion = 17.5.002.0
MinimumVisualStudioVersion = 10.0.40219.1
Project("{9A19103F-16F7-4668-BE54-9A1E7A4F7556}") = "AzFunc_CloudSide", "AzFunc_CloudSide.csproj", "{FD11B628-A1B7-4EFC-9ACD-D72A964E6C8F}"
EndProject
Project("{2150E333-8FDC-42A3-9474-1A3956D46DE8}") = "obj", "obj", "{A0141729-FDD8-4BEA-A803-A05A48A98F2D}"
EndProject
Project("{2150E333-8FDC-42A3-9474-1A3956D46DE8}") = "Debug", "Debug", "{37A0A526-D7D8-4E3C-8739-F7655726A449}"
EndProject
Project("{2150E333-8FDC-42A3-9474-1A3956D46DE8}") = "net8.0", "net8.0", "{61495B22-D231-4B58-84B2-05E810C918B2}"
EndProject
Project("{9A19103F-16F7-4668-BE54-9A1E7A4F7556}") = "WorkerExtensions", "obj\Debug\net8.0\WorkerExtensions\WorkerExtensions.csproj", "{D27A2031-33F4-43A2-AA93-512228A0627B}"
EndProject
Project("{2150E333-8FDC-42A3-9474-1A3956D46DE8}") = "Release", "Release", "{2B43DB9B-BEB2-44EA-ABBF-38F80B4A2923}"
EndProject
Project("{2150E333-8FDC-42A3-9474-1A3956D46DE8}") = "net8.0", "net8.0", "{F4844036-7595-4214-A1A0-90579F5AD047}"
EndProject
Project("{9A19103F-16F7-4668-BE54-9A1E7A4F7556}") = "WorkerExtensions", "obj\Release\net8.0\WorkerExtensions\WorkerExtensions.csproj", "{EA33D12E-8B62-4050-8169-25E7045ED71B}"
EndProject
Global
	GlobalSection(SolutionConfigurationPlatforms) = preSolution
		Debug|Any CPU = Debug|Any CPU
		Release|Any CPU = Release|Any CPU
	EndGlobalSection
	GlobalSection(ProjectConfigurationPlatforms) = postSolution
		{FD11B628-A1B7-4EFC-9ACD-D72A964E6C8F}.Debug|Any CPU.ActiveCfg = Debug|Any CPU
		{FD11B628-A1B7-4EFC-9ACD-D72A964E6C8F}.Debug|Any CPU.Build.0 = Debug|Any CPU
		{FD11B628-A1B7-4EFC-9ACD-D72A964E6C8F}.Release|Any CPU.ActiveCfg = Release|Any CPU
		{FD11B628-A1B7-4EFC-9ACD-D72A964E6C8F}.Release|Any CPU.Build.0 = Release|Any CPU
		{D27A2031-33F4-43A2-AA93-512228A0627B}.Debug|Any CPU.ActiveCfg = Debug|Any CPU
		{D27A2031-33F4-43A2-AA93-512228A0627B}.Debug|Any CPU.Build.0 = Debug|Any CPU
		{D27A2031-33F4-43A2-AA93-512228A0627B}.Release|Any CPU.ActiveCfg = Release|Any CPU
		{D27A2031-33F4-43A2-AA93-512228A0627B}.Release|Any CPU.Build.0 = Release|Any CPU
		{EA33D12E-8B62-4050-8169-25E7045ED71B}.Debug|Any CPU.ActiveCfg = Debug|Any CPU
		{EA33D12E-8B62-4050-8169-25E7045ED71B}.Debug|Any CPU.Build.0 = Debug|Any CPU
		{EA33D12E-8B62-4050-8169-25E7045ED71B}.Release|Any CPU.ActiveCfg = Release|Any CPU
		{EA33D12E-8B62-4050-8169-25E7045ED71B}.Release|Any CPU.Build.0 = Release|Any CPU
	EndGlobalSection
	GlobalSection(SolutionProperties) = preSolution
		HideSolutionNode = FALSE
	EndGlobalSection
	GlobalSection(NestedProjects) = preSolution
		{37A0A526-D7D8-4E3C-8739-F7655726A449} = {A0141729-FDD8-4BEA-A803-A05A48A98F2D}
		{61495B22-D231-4B58-84B2-05E810C918B2} = {37A0A526-D7D8-4E3C-8739-F7655726A449}
		{D27A2031-33F4-43A2-AA93-512228A0627B} = {61495B22-D231-4B58-84B2-05E810C918B2}
		{2B43DB9B-BEB2-44EA-ABBF-38F80B4A2923} = {A0141729-FDD8-4BEA-A803-A05A48A98F2D}
		{F4844036-7595-4214-A1A0-90579F5AD047} = {2B43DB9B-BEB2-44EA-ABBF-38F80B4A2923}
		{EA33D12E-8B62-4050-8169-25E7045ED71B} = {F4844036-7595-4214-A1A0-90579F5AD047}
	EndGlobalSection
	GlobalSection(ExtensibilityGlobals) = postSolution
		SolutionGuid = {55692C9B-2B96-4501-814D-6A599A2BE14D}
	EndGlobalSection
EndGlobal
